
Microsoft Visual Studio Solution File, Format Version 12.00
# Visual Studio Version 18
VisualStudioVersion = 18.5.11709.299
MinimumVisualStudioVersion = 10.0.40219.1
Project("{FAE04EC0-301F-11D3-BF4B-00C04F79EFBC}") = "PUSL2020-Blind_Match-PAS", "PUSL2020-Blind_Match-PAS.csproj", "{DF9FFF68-9440-4523-9BF2-15E07CEC9A06}"
EndProject
Global
	GlobalSection(SolutionConfigurationPlatforms) = preSolution
		Debug|Any CPU = Debug|Any CPU
		Release|Any CPU = Release|Any CPU
	EndGlobalSection
	GlobalSection(ProjectConfigurationPlatforms) = postSolution
		{DF9FFF68-9440-4523-9BF2-15E07CEC9A06}.Debug|Any CPU.ActiveCfg = Debug|Any CPU
		{DF9FFF68-9440-4523-9BF2-15E07CEC9A06}.Debug|Any CPU.Build.0 = Debug|Any CPU
		{DF9FFF68-9440-4523-9BF2-15E07CEC9A06}.Release|Any CPU.ActiveCfg = Release|Any CPU
		{DF9FFF68-9440-4523-9BF2-15E07CEC9A06}.Release|Any CPU.Build.0 = Release|Any CPU
	EndGlobalSection
	GlobalSection(SolutionProperties) = preSolution
		HideSolutionNode = FALSE
	EndGlobalSection
	GlobalSection(ExtensibilityGlobals) = postSolution
		SolutionGuid = {FB2C1BA9-1C80-438B-80F0-F3D18A4F2C98}
	EndGlobalSection
EndGlobal
